
Microsoft Visual Studio Solution File, Format Version 12.00
# Visual Studio Version 17
VisualStudioVersion = 17.3.32804.467
MinimumVisualStudioVersion = 10.0.40219.1
Project("{2150E333-8FDC-42A3-9474-1A3956D46DE8}") = "src", "src", "{2CD126F2-0337-4446-9EC6-F980D18840B7}"
EndProject
Project("{9A19103F-16F7-4668-BE54-9A1E7A4F7556}") = "CopywritingWebSite.MVS", "src\CopywritingWebSite\CopywritingWebSite.MVS.csproj", "{F078485D-A0EE-4011-81C2-F8F877ECC0BE}"
EndProject
Project("{9A19103F-16F7-4668-BE54-9A1E7A4F7556}") = "CopywritingWebSite.DataAccess", "src\CopywritingWebSite.DataAccess\CopywritingWebSite.DataAccess.csproj", "{ACE3F499-B1AA-482B-A1A0-A425E2014E53}"
EndProject
Project("{9A19103F-16F7-4668-BE54-9A1E7A4F7556}") = "CopywritingWebSite.Domain", "src\CopywritingWebSite.Domain\CopywritingWebSite.Domain.csproj", "{5962A5F2-35A1-4A89-8425-256C727B46F7}"
EndProject
Project("{9A19103F-16F7-4668-BE54-9A1E7A4F7556}") = "CopywritingWebSite.Service", "src\CopywritingWebSite.Service\CopywritingWebSite.Service.csproj", "{6AD0DC09-1CE2-446A-8645-A3A6FFF2ED28}"
EndProject
Global
	GlobalSection(SolutionConfigurationPlatforms) = preSolution
		Debug|Any CPU = Debug|Any CPU
		Release|Any CPU = Release|Any CPU
	EndGlobalSection
	GlobalSection(ProjectConfigurationPlatforms) = postSolution
		{F078485D-A0EE-4011-81C2-F8F877ECC0BE}.Debug|Any CPU.ActiveCfg = Debug|Any CPU
		{F078485D-A0EE-4011-81C2-F8F877ECC0BE}.Debug|Any CPU.Build.0 = Debug|Any CPU
		{F078485D-A0EE-4011-81C2-F8F877ECC0BE}.Release|Any CPU.ActiveCfg = Release|Any CPU
		{F078485D-A0EE-4011-81C2-F8F877ECC0BE}.Release|Any CPU.Build.0 = Release|Any CPU
		{ACE3F499-B1AA-482B-A1A0-A425E2014E53}.Debug|Any CPU.ActiveCfg = Debug|Any CPU
		{ACE3F499-B1AA-482B-A1A0-A425E2014E53}.Debug|Any CPU.Build.0 = Debug|Any CPU
		{ACE3F499-B1AA-482B-A1A0-A425E2014E53}.Release|Any CPU.ActiveCfg = Release|Any CPU
		{ACE3F499-B1AA-482B-A1A0-A425E2014E53}.Release|Any CPU.Build.0 = Release|Any CPU
		{5962A5F2-35A1-4A89-8425-256C727B46F7}.Debug|Any CPU.ActiveCfg = Debug|Any CPU
		{5962A5F2-35A1-4A89-8425-256C727B46F7}.Debug|Any CPU.Build.0 = Debug|Any CPU
		{5962A5F2-35A1-4A89-8425-256C727B46F7}.Release|Any CPU.ActiveCfg = Release|Any CPU
		{5962A5F2-35A1-4A89-8425-256C727B46F7}.Release|Any CPU.Build.0 = Release|Any CPU
		{6AD0DC09-1CE2-446A-8645-A3A6FFF2ED28}.Debug|Any CPU.ActiveCfg = Debug|Any CPU
		{6AD0DC09-1CE2-446A-8645-A3A6FFF2ED28}.Debug|Any CPU.Build.0 = Debug|Any CPU
		{6AD0DC09-1CE2-446A-8645-A3A6FFF2ED28}.Release|Any CPU.ActiveCfg = Release|Any CPU
		{6AD0DC09-1CE2-446A-8645-A3A6FFF2ED28}.Release|Any CPU.Build.0 = Release|Any CPU
	EndGlobalSection
	GlobalSection(SolutionProperties) = preSolution
		HideSolutionNode = FALSE
	EndGlobalSection
	GlobalSection(NestedProjects) = preSolution
		{F078485D-A0EE-4011-81C2-F8F877ECC0BE} = {2CD126F2-0337-4446-9EC6-F980D18840B7}
		{ACE3F499-B1AA-482B-A1A0-A425E2014E53} = {2CD126F2-0337-4446-9EC6-F980D18840B7}
		{5962A5F2-35A1-4A89-8425-256C727B46F7} = {2CD126F2-0337-4446-9EC6-F980D18840B7}
		{6AD0DC09-1CE2-446A-8645-A3A6FFF2ED28} = {2CD126F2-0337-4446-9EC6-F980D18840B7}
	EndGlobalSection
	GlobalSection(ExtensibilityGlobals) = postSolution
		SolutionGuid = {7A144A0C-D3B1-40BB-97C2-7D2044E9F951}
	EndGlobalSection
EndGlobal
